// !$*UTF8*$!
{
	archiveVersion = 1;
	classes = {
	};
	objectVersion = 46;
	objects = {

/* Begin PBXBuildFile section */
		84AAB22D17BB5EB100A3F547 /* UIKit.framework in Frameworks */ = {isa = PBXBuildFile; fileRef = 84AAB22C17BB5EB100A3F547 /* UIKit.framework */; };
		84AAB22F17BB5EB100A3F547 /* Foundation.framework in Frameworks */ = {isa = PBXBuildFile; fileRef = 84AAB22E17BB5EB100A3F547 /* Foundation.framework */; };
		84AAB23117BB5EB100A3F547 /* CoreGraphics.framework in Frameworks */ = {isa = PBXBuildFile; fileRef = 84AAB23017BB5EB100A3F547 /* CoreGraphics.framework */; };
		84AAB23717BB5EB100A3F547 /* InfoPlist.strings in Resources */ = {isa = PBXBuildFile; fileRef = 84AAB23517BB5EB100A3F547 /* InfoPlist.strings */; };
		84AAB23917BB5EB100A3F547 /* main.m in Sources */ = {isa = PBXBuildFile; fileRef = 84AAB23817BB5EB100A3F547 /* main.m */; };
		84AAB23D17BB5EB100A3F547 /* AppDelegate.m in Sources */ = {isa = PBXBuildFile; fileRef = 84AAB23C17BB5EB100A3F547 /* AppDelegate.m */; };
		84AAB23F17BB5EB100A3F547 /* Default.png in Resources */ = {isa = PBXBuildFile; fileRef = 84AAB23E17BB5EB100A3F547 /* Default.png */; };
		84AAB24117BB5EB100A3F547 /* Default@2x.png in Resources */ = {isa = PBXBuildFile; fileRef = 84AAB24017BB5EB100A3F547 /* Default@2x.png */; };
		84AAB24317BB5EB100A3F547 /* Default-568h@2x.png in Resources */ = {isa = PBXBuildFile; fileRef = 84AAB24217BB5EB100A3F547 /* Default-568h@2x.png */; };
		84AAB24617BB5EB100A3F547 /* ViewController.m in Sources */ = {isa = PBXBuildFile; fileRef = 84AAB24517BB5EB100A3F547 /* ViewController.m */; };
		84AAB24917BB5EB100A3F547 /* ViewController_iPhone.xib in Resources */ = {isa = PBXBuildFile; fileRef = 84AAB24717BB5EB100A3F547 /* ViewController_iPhone.xib */; };
		84AAB24C17BB5EB100A3F547 /* ViewController_iPad.xib in Resources */ = {isa = PBXBuildFile; fileRef = 84AAB24A17BB5EB100A3F547 /* ViewController_iPad.xib */; };
/* End PBXBuildFile section */

/* Begin PBXFileReference section */
		84AAB22917BB5EB100A3F547 /* CustomDatePicker.app */ = {isa = PBXFileReference; explicitFileType = wrapper.application; includeInIndex = 0; path = CustomDatePicker.app; sourceTree = BUILT_PRODUCTS_DIR; };
		84AAB22C17BB5EB100A3F547 /* UIKit.framework */ = {isa = PBXFileReference; lastKnownFileType = wrapper.framework; name = UIKit.framework; path = System/Library/Frameworks/UIKit.framework; sourceTree = SDKROOT; };
		84AAB22E17BB5EB100A3F547 /* Foundation.framework */ = {isa = PBXFileReference; lastKnownFileType = wrapper.framework; name = Foundation.framework; path = System/Library/Frameworks/Foundation.framework; sourceTree = SDKROOT; };
		84AAB23017BB5EB100A3F547 /* CoreGraphics.framework */ = {isa = PBXFileReference; lastKnownFileType = wrapper.framework; name = CoreGraphics.framework; path = System/Library/Frameworks/CoreGraphics.framework; sourceTree = SDKROOT; };
		84AAB23417BB5EB100A3F547 /* CustomDatePicker-Info.plist */ = {isa = PBXFileReference; lastKnownFileType = text.plist.xml; path = "CustomDatePicker-Info.plist"; sourceTree = "<group>"; };
		84AAB23617BB5EB100A3F547 /* en */ = {isa = PBXFileReference; lastKnownFileType = text.plist.strings; name = en; path = en.lproj/InfoPlist.strings; sourceTree = "<group>"; };
		84AAB23817BB5EB100A3F547 /* main.m */ = {isa = PBXFileReference; lastKnownFileType = sourcecode.c.objc; path = main.m; sourceTree = "<group>"; };
		84AAB23A17BB5EB100A3F547 /* CustomDatePicker-Prefix.pch */ = {isa = PBXFileReference; lastKnownFileType = sourcecode.c.h; path = "CustomDatePicker-Prefix.pch"; sourceTree = "<group>"; };
		84AAB23B17BB5EB100A3F547 /* AppDelegate.h */ = {isa = PBXFileReference; lastKnownFileType = sourcecode.c.h; path = AppDelegate.h; sourceTree = "<group>"; };
		84AAB23C17BB5EB100A3F547 /* AppDelegate.m */ = {isa = PBXFileReference; lastKnownFileType = sourcecode.c.objc; path = AppDelegate.m; sourceTree = "<group>"; };
		84AAB23E17BB5EB100A3F547 /* Default.png */ = {isa = PBXFileReference; lastKnownFileType = image.png; path = Default.png; sourceTree = "<group>"; };
		84AAB24017BB5EB100A3F547 /* Default@2x.png */ = {isa = PBXFileReference; lastKnownFileType = image.png; path = "Default@2x.png"; sourceTree = "<group>"; };
		84AAB24217BB5EB100A3F547 /* Default-568h@2x.png */ = {isa = PBXFileReference; lastKnownFileType = image.png; path = "Default-568h@2x.png"; sourceTree = "<group>"; };
		84AAB24417BB5EB100A3F547 /* ViewController.h */ = {isa = PBXFileReference; lastKnownFileType = sourcecode.c.h; path = ViewController.h; sourceTree = "<group>"; };
		84AAB24517BB5EB100A3F547 /* ViewController.m */ = {isa = PBXFileReference; lastKnownFileType = sourcecode.c.objc; path = ViewController.m; sourceTree = "<group>"; };
		84AAB24817BB5EB100A3F547 /* en */ = {isa = PBXFileReference; lastKnownFileType = file.xib; name = en; path = en.lproj/ViewController_iPhone.xib; sourceTree = "<group>"; };
		84AAB24B17BB5EB100A3F547 /* en */ = {isa = PBXFileReference; lastKnownFileType = file.xib; name = en; path = en.lproj/ViewController_iPad.xib; sourceTree = "<group>"; };
/* End PBXFileReference section */

/* Begin PBXFrameworksBuildPhase section */
		84AAB22617BB5EB100A3F547 /* Frameworks */ = {
			isa = PBXFrameworksBuildPhase;
			buildActionMask = 2147483647;
			files = (
				84AAB22D17BB5EB100A3F547 /* UIKit.framework in Frameworks */,
				84AAB22F17BB5EB100A3F547 /* Foundation.framework in Frameworks */,
				84AAB23117BB5EB100A3F547 /* CoreGraphics.framework in Frameworks */,
			);
			runOnlyForDeploymentPostprocessing = 0;
		};
/* End PBXFrameworksBuildPhase section */

/* Begin PBXGroup section */
		84AAB22017BB5EB100A3F547 = {
			isa = PBXGroup;
			children = (
				84AAB23217BB5EB100A3F547 /* CustomDatePicker */,
				84AAB22B17BB5EB100A3F547 /* Frameworks */,
				84AAB22A17BB5EB100A3F547 /* Products */,
			);
			sourceTree = "<group>";
		};
		84AAB22A17BB5EB100A3F547 /* Products */ = {
			isa = PBXGroup;
			children = (
				84AAB22917BB5EB100A3F547 /* CustomDatePicker.app */,
			);
			name = Products;
			sourceTree = "<group>";
		};
		84AAB22B17BB5EB100A3F547 /* Frameworks */ = {
			isa = PBXGroup;
			children = (
				84AAB22C17BB5EB100A3F547 /* UIKit.framework */,
				84AAB22E17BB5EB100A3F547 /* Foundation.framework */,
				84AAB23017BB5EB100A3F547 /* CoreGraphics.framework */,
			);
			name = Frameworks;
			sourceTree = "<group>";
		};
		84AAB23217BB5EB100A3F547 /* CustomDatePicker */ = {
			isa = PBXGroup;
			children = (
				84AAB23B17BB5EB100A3F547 /* AppDelegate.h */,
				84AAB23C17BB5EB100A3F547 /* AppDelegate.m */,
				84AAB24417BB5EB100A3F547 /* ViewController.h */,
				84AAB24517BB5EB100A3F547 /* ViewController.m */,
				84AAB24717BB5EB100A3F547 /* ViewController_iPhone.xib */,
				84AAB24A17BB5EB100A3F547 /* ViewController_iPad.xib */,
				84AAB23317BB5EB100A3F547 /* Supporting Files */,
			);
			path = CustomDatePicker;
			sourceTree = "<group>";
		};
		84AAB23317BB5EB100A3F547 /* Supporting Files */ = {
			isa = PBXGroup;
			children = (
				84AAB23417BB5EB100A3F547 /* CustomDatePicker-Info.plist */,
				84AAB23517BB5EB100A3F547 /* InfoPlist.strings */,
				84AAB23817BB5EB100A3F547 /* main.m */,
				84AAB23A17BB5EB100A3F547 /* CustomDatePicker-Prefix.pch */,
				84AAB23E17BB5EB100A3F547 /* Default.png */,
				84AAB24017BB5EB100A3F547 /* Default@2x.png */,
				84AAB24217BB5EB100A3F547 /* Default-568h@2x.png */,
			);
			name = "Supporting Files";
			sourceTree = "<group>";
		};
/* End PBXGroup section */

/* Begin PBXNativeTarget section */
		84AAB22817BB5EB100A3F547 /* CustomDatePicker */ = {
			isa = PBXNativeTarget;
			buildConfigurationList = 84AAB24F17BB5EB100A3F547 /* Build configuration list for PBXNativeTarget "CustomDatePicker" */;
			buildPhases = (
				84AAB22517BB5EB100A3F547 /* Sources */,
				84AAB22617BB5EB100A3F547 /* Frameworks */,
				84AAB22717BB5EB100A3F547 /* Resources */,
			);
			buildRules = (
			);
			dependencies = (
			);
			name = CustomDatePicker;
			productName = CustomDatePicker;
			productReference = 84AAB22917BB5EB100A3F547 /* CustomDatePicker.app */;
			productType = "com.apple.product-type.application";
		};
/* End PBXNativeTarget section */

/* Begin PBXProject section */
		84AAB22117BB5EB100A3F547 /* Project object */ = {
			isa = PBXProject;
			attributes = {
				LastUpgradeCheck = 0460;
				ORGANIZATIONNAME = Zorin;
			};
			buildConfigurationList = 84AAB22417BB5EB100A3F547 /* Build configuration list for PBXProject "CustomDatePicker" */;
			compatibilityVersion = "Xcode 3.2";
			developmentRegion = English;
			hasScannedForEncodings = 0;
			knownRegions = (
				en,
			);
			mainGroup = 84AAB22017BB5EB100A3F547;
			productRefGroup = 84AAB22A17BB5EB100A3F547 /* Products */;
			projectDirPath = "";
			projectRoot = "";
			targets = (
				84AAB22817BB5EB100A3F547 /* CustomDatePicker */,
			);
		};
/* End PBXProject section */

/* Begin PBXResourcesBuildPhase section */
		84AAB22717BB5EB100A3F547 /* Resources */ = {
			isa = PBXResourcesBuildPhase;
			buildActionMask = 2147483647;
			files = (
				84AAB23717BB5EB100A3F547 /* InfoPlist.strings in Resources */,
				84AAB23F17BB5EB100A3F547 /* Default.png in Resources */,
				84AAB24117BB5EB100A3F547 /* Default@2x.png in Resources */,
				84AAB24317BB5EB100A3F547 /* Default-568h@2x.png in Resources */,
				84AAB24917BB5EB100A3F547 /* ViewController_iPhone.xib in Resources */,
				84AAB24C17BB5EB100A3F547 /* ViewController_iPad.xib in Resources */,
			);
			runOnlyForDeploymentPostprocessing = 0;
		};
/* End PBXResourcesBuildPhase section */

/* Begin PBXSourcesBuildPhase section */
		84AAB22517BB5EB100A3F547 /* Sources */ = {
			isa = PBXSourcesBuildPhase;
			buildActionMask = 2147483647;
			files = (
				84AAB23917BB5EB100A3F547 /* main.m in Sources */,
				84AAB23D17BB5EB100A3F547 /* AppDelegate.m in Sources */,
				84AAB24617BB5EB100A3F547 /* ViewController.m in Sources */,
			);
			runOnlyForDeploymentPostprocessing = 0;
		};
/* End PBXSourcesBuildPhase section */

/* Begin PBXVariantGroup section */
		84AAB23517BB5EB100A3F547 /* InfoPlist.strings */ = {
			isa = PBXVariantGroup;
			children = (
				84AAB23617BB5EB100A3F547 /* en */,
			);
			name = InfoPlist.strings;
			sourceTree = "<group>";
		};
		84AAB24717BB5EB100A3F547 /* ViewController_iPhone.xib */ = {
			isa = PBXVariantGroup;
			children = (
				84AAB24817BB5EB100A3F547 /* en */,
			);
			name = ViewController_iPhone.xib;
			sourceTree = "<group>";
		};
		84AAB24A17BB5EB100A3F547 /* ViewController_iPad.xib */ = {
			isa = PBXVariantGroup;
			children = (
				84AAB24B17BB5EB100A3F547 /* en */,
			);
			name = ViewController_iPad.xib;
			sourceTree = "<group>";
		};
/* End PBXVariantGroup section */

/* Begin XCBuildConfiguration section */
		84AAB24D17BB5EB100A3F547 /* Debug */ = {
			isa = XCBuildConfiguration;
			buildSettings = {
				ALWAYS_SEARCH_USER_PATHS = NO;
				CLANG_CXX_LANGUAGE_STANDARD = "gnu++0x";
				CLANG_CXX_LIBRARY = "libc++";
				CLANG_WARN_CONSTANT_CONVERSION = YES;
				CLANG_WARN_EMPTY_BODY = YES;
				CLANG_WARN_ENUM_CONVERSION = YES;
				CLANG_WARN_INT_CONVERSION = YES;
				CLANG_WARN__DUPLICATE_METHOD_MATCH = YES;
				"CODE_SIGN_IDENTITY[sdk=iphoneos*]" = "iPhone Developer";
				COPY_PHASE_STRIP = NO;
				GCC_C_LANGUAGE_STANDARD = gnu99;
				GCC_DYNAMIC_NO_PIC = NO;
				GCC_OPTIMIZATION_LEVEL = 0;
				GCC_PREPROCESSOR_DEFINITIONS = (
					"DEBUG=1",
					"$(inherited)",
				);
				GCC_SYMBOLS_PRIVATE_EXTERN = NO;
				GCC_WARN_ABOUT_RETURN_TYPE = YES;
				GCC_WARN_UNINITIALIZED_AUTOS = YES;
				GCC_WARN_UNUSED_VARIABLE = YES;
				IPHONEOS_DEPLOYMENT_TARGET = 6.1;
				ONLY_ACTIVE_ARCH = YES;
				SDKROOT = iphoneos;
				TARGETED_DEVICE_FAMILY = "1,2";
			};
			name = Debug;
		};
		84AAB24E17BB5EB100A3F547 /* Release */ = {
			isa = XCBuildConfiguration;
			buildSettings = {
				ALWAYS_SEARCH_USER_PATHS = NO;
				CLANG_CXX_LANGUAGE_STANDARD = "gnu++0x";
				CLANG_CXX_LIBRARY = "libc++";
				CLANG_WARN_CONSTANT_CONVERSION = YES;
				CLANG_WARN_EMPTY_BODY = YES;
				CLANG_WARN_ENUM_CONVERSION = YES;
				CLANG_WARN_INT_CONVERSION = YES;
				CLANG_WARN__DUPLICATE_METHOD_MATCH = YES;
				"CODE_SIGN_IDENTITY[sdk=iphoneos*]" = "iPhone Developer";
				COPY_PHASE_STRIP = YES;
				GCC_C_LANGUAGE_STANDARD = gnu99;
				GCC_WARN_ABOUT_RETURN_TYPE = YES;
				GCC_WARN_UNINITIALIZED_AUTOS = YES;
				GCC_WARN_UNUSED_VARIABLE = YES;
				IPHONEOS_DEPLOYMENT_TARGET = 6.1;
				OTHER_CFLAGS = "-DNS_BLOCK_ASSERTIONS=1";
				SDKROOT = iphoneos;
				TARGETED_DEVICE_FAMILY = "1,2";
				VALIDATE_PRODUCT = YES;
			};
			name = Release;
		};
		84AAB25017BB5EB100A3F547 /* Debug */ = {
			isa = XCBuildConfiguration;
			buildSettings = {
				GCC_PRECOMPILE_PREFIX_HEADER = YES;
				GCC_PREFIX_HEADER = "CustomDatePicker/CustomDatePicker-Prefix.pch";
				INFOPLIST_FILE = "CustomDatePicker/CustomDatePicker-Info.plist";
				PRODUCT_NAME = "$(TARGET_NAME)";
				WRAPPER_EXTENSION = app;
			};
			name = Debug;
		};
		84AAB25117BB5EB100A3F547 /* Release */ = {
			isa = XCBuildConfiguration;
			buildSettings = {
				GCC_PRECOMPILE_PREFIX_HEADER = YES;
				GCC_PREFIX_HEADER = "CustomDatePicker/CustomDatePicker-Prefix.pch";
				INFOPLIST_FILE = "CustomDatePicker/CustomDatePicker-Info.plist";
				PRODUCT_NAME = "$(TARGET_NAME)";
				WRAPPER_EXTENSION = app;
			};
			name = Release;
		};
/* End XCBuildConfiguration section */

/* Begin XCConfigurationList section */
		84AAB22417BB5EB100A3F547 /* Build configuration list for PBXProject "CustomDatePicker" */ = {
			isa = XCConfigurationList;
			buildConfigurations = (
				84AAB24D17BB5EB100A3F547 /* Debug */,
				84AAB24E17BB5EB100A3F547 /* Release */,
			);
			defaultConfigurationIsVisible = 0;
			defaultConfigurationName = Release;
		};
		84AAB24F17BB5EB100A3F547 /* Build configuration list for PBXNativeTarget "CustomDatePicker" */ = {
			isa = XCConfigurationList;
			buildConfigurations = (
				84AAB25017BB5EB100A3F547 /* Debug */,
				84AAB25117BB5EB100A3F547 /* Release */,
			);
			defaultConfigurationIsVisible = 0;
		};
/* End XCConfigurationList section */
	};
	rootObject = 84AAB22117BB5EB100A3F547 /* Project object */;
}
